// !$*UTF8*$!
{
	archiveVersion = 1;
	classes = {
	};
	objectVersion = 46;
	objects = {

/* Begin PBXBuildFile section */
		6766264C1CFC97E00021E5DE /* AppDelegate.swift in Sources */ = {isa = PBXBuildFile; fileRef = 6766264B1CFC97E00021E5DE /* AppDelegate.swift */; };
		6766264E1CFC97E00021E5DE /* ViewController.swift in Sources */ = {isa = PBXBuildFile; fileRef = 6766264D1CFC97E00021E5DE /* ViewController.swift */; };
		676626511CFC97E00021E5DE /* Main.storyboard in Resources */ = {isa = PBXBuildFile; fileRef = 6766264F1CFC97E00021E5DE /* Main.storyboard */; };
		676626541CFC97E00021E5DE /* Foo.xcdatamodeld in Sources */ = {isa = PBXBuildFile; fileRef = 676626521CFC97E00021E5DE /* Foo.xcdatamodeld */; };
		676626561CFC97E00021E5DE /* Assets.xcassets in Resources */ = {isa = PBXBuildFile; fileRef = 676626551CFC97E00021E5DE /* Assets.xcassets */; };
		676626591CFC97E00021E5DE /* LaunchScreen.storyboard in Resources */ = {isa = PBXBuildFile; fileRef = 676626571CFC97E00021E5DE /* LaunchScreen.storyboard */; };
/* End PBXBuildFile section */

/* Begin PBXFileReference section */
		676626481CFC97E00021E5DE /* Foo.app */ = {isa = PBXFileReference; explicitFileType = wrapper.application; includeInIndex = 0; path = Foo.app; sourceTree = BUILT_PRODUCTS_DIR; };
		6766264B1CFC97E00021E5DE /* AppDelegate.swift */ = {isa = PBXFileReference; lastKnownFileType = sourcecode.swift; path = AppDelegate.swift; sourceTree = "<group>"; };
		6766264D1CFC97E00021E5DE /* ViewController.swift */ = {isa = PBXFileReference; lastKnownFileType = sourcecode.swift; path = ViewController.swift; sourceTree = "<group>"; };
		676626501CFC97E00021E5DE /* Base */ = {isa = PBXFileReference; lastKnownFileType = file.storyboard; name = Base; path = Base.lproj/Main.storyboard; sourceTree = "<group>"; };
		676626531CFC97E00021E5DE /* Foo.xcdatamodel */ = {isa = PBXFileReference; lastKnownFileType = wrapper.xcdatamodel; path = Foo.xcdatamodel; sourceTree = "<group>"; };
		676626551CFC97E00021E5DE /* Assets.xcassets */ = {isa = PBXFileReference; lastKnownFileType = folder.assetcatalog; path = Assets.xcassets; sourceTree = "<group>"; };
		676626581CFC97E00021E5DE /* Base */ = {isa = PBXFileReference; lastKnownFileType = file.storyboard; name = Base; path = Base.lproj/LaunchScreen.storyboard; sourceTree = "<group>"; };
		6766265A1CFC97E00021E5DE /* Info.plist */ = {isa = PBXFileReference; lastKnownFileType = text.plist.xml; path = Info.plist; sourceTree = "<group>"; };
/* End PBXFileReference section */

/* Begin PBXFrameworksBuildPhase section */
		676626451CFC97E00021E5DE /* Frameworks */ = {
			isa = PBXFrameworksBuildPhase;
			buildActionMask = 2147483647;
			files = (
			);
			runOnlyForDeploymentPostprocessing = 0;
		};
/* End PBXFrameworksBuildPhase section */

/* Begin PBXGroup section */
		6766263F1CFC97E00021E5DE = {
			isa = PBXGroup;
			children = (
				6766264A1CFC97E00021E5DE /* Foo */,
				676626491CFC97E00021E5DE /* Products */,
			);
			sourceTree = "<group>";
		};
		676626491CFC97E00021E5DE /* Products */ = {
			isa = PBXGroup;
			children = (
				676626481CFC97E00021E5DE /* Foo.app */,
			);
			name = Products;
			sourceTree = "<group>";
		};
		6766264A1CFC97E00021E5DE /* Foo */ = {
			isa = PBXGroup;
			children = (
				6766264B1CFC97E00021E5DE /* AppDelegate.swift */,
				6766264D1CFC97E00021E5DE /* ViewController.swift */,
				6766264F1CFC97E00021E5DE /* Main.storyboard */,
				676626551CFC97E00021E5DE /* Assets.xcassets */,
				676626571CFC97E00021E5DE /* LaunchScreen.storyboard */,
				6766265A1CFC97E00021E5DE /* Info.plist */,
				676626521CFC97E00021E5DE /* Foo.xcdatamodeld */,
			);
			path = Foo;
			sourceTree = "<group>";
		};
/* End PBXGroup section */

/* Begin PBXNativeTarget section */
		676626471CFC97E00021E5DE /* Foo */ = {
			isa = PBXNativeTarget;
			buildConfigurationList = 6766265D1CFC97E00021E5DE /* Build configuration list for PBXNativeTarget "Foo" */;
			buildPhases = (
				676626441CFC97E00021E5DE /* Sources */,
				676626451CFC97E00021E5DE /* Frameworks */,
				676626461CFC97E00021E5DE /* Resources */,
			);
			buildRules = (
			);
			dependencies = (
			);
			name = Foo;
			productName = Foo;
			productReference = 676626481CFC97E00021E5DE /* Foo.app */;
			productType = "com.apple.product-type.application";
		};
/* End PBXNativeTarget section */

/* Begin PBXProject section */
		676626401CFC97E00021E5DE /* Project object */ = {
			isa = PBXProject;
			attributes = {
				LastSwiftUpdateCheck = 0730;
				LastUpgradeCheck = 0730;
				ORGANIZATIONNAME = "Wenjie Zhong";
				TargetAttributes = {
					676626471CFC97E00021E5DE = {
						CreatedOnToolsVersion = 7.3.1;
						DevelopmentTeam = W77J95BP2Z;
					};
				};
			};
			buildConfigurationList = 676626431CFC97E00021E5DE /* Build configuration list for PBXProject "Foo" */;
			compatibilityVersion = "Xcode 3.2";
			developmentRegion = English;
			hasScannedForEncodings = 0;
			knownRegions = (
				en,
				Base,
			);
			mainGroup = 6766263F1CFC97E00021E5DE;
			productRefGroup = 676626491CFC97E00021E5DE /* Products */;
			projectDirPath = "";
			projectRoot = "";
			targets = (
				676626471CFC97E00021E5DE /* Foo */,
			);
		};
/* End PBXProject section */

/* Begin PBXResourcesBuildPhase section */
		676626461CFC97E00021E5DE /* Resources */ = {
			isa = PBXResourcesBuildPhase;
			buildActionMask = 2147483647;
			files = (
				676626591CFC97E00021E5DE /* LaunchScreen.storyboard in Resources */,
				676626561CFC97E00021E5DE /* Assets.xcassets in Resources */,
				676626511CFC97E00021E5DE /* Main.storyboard in Resources */,
			);
			runOnlyForDeploymentPostprocessing = 0;
		};
/* End PBXResourcesBuildPhase section */

/* Begin PBXSourcesBuildPhase section */
		676626441CFC97E00021E5DE /* Sources */ = {
			isa = PBXSourcesBuildPhase;
			buildActionMask = 2147483647;
			files = (
				676626541CFC97E00021E5DE /* Foo.xcdatamodeld in Sources */,
				6766264E1CFC97E00021E5DE /* ViewController.swift in Sources */,
				6766264C1CFC97E00021E5DE /* AppDelegate.swift in Sources */,
			);
			runOnlyForDeploymentPostprocessing = 0;
		};
/* End PBXSourcesBuildPhase section */

/* Begin PBXVariantGroup section */
		6766264F1CFC97E00021E5DE /* Main.storyboard */ = {
			isa = PBXVariantGroup;
			children = (
				676626501CFC97E00021E5DE /* Base */,
			);
			name = Main.storyboard;
			sourceTree = "<group>";
		};
		676626571CFC97E00021E5DE /* LaunchScreen.storyboard */ = {
			isa = PBXVariantGroup;
			children = (
				676626581CFC97E00021E5DE /* Base */,
			);
			name = LaunchScreen.storyboard;
			sourceTree = "<group>";
		};
/* End PBXVariantGroup section */

/* Begin XCBuildConfiguration section */
		6766265B1CFC97E00021E5DE /* Debug */ = {
			isa = XCBuildConfiguration;
			buildSettings = {
				ALWAYS_SEARCH_USER_PATHS = NO;
				CLANG_ANALYZER_NONNULL = YES;
				CLANG_CXX_LANGUAGE_STANDARD = "gnu++0x";
				CLANG_CXX_LIBRARY = "libc++";
				CLANG_ENABLE_MODULES = YES;
				CLANG_ENABLE_OBJC_ARC = YES;
				CLANG_WARN_BOOL_CONVERSION = YES;
				CLANG_WARN_CONSTANT_CONVERSION = YES;
				CLANG_WARN_DIRECT_OBJC_ISA_USAGE = YES_ERROR;
				CLANG_WARN_EMPTY_BODY = YES;
				CLANG_WARN_ENUM_CONVERSION = YES;
				CLANG_WARN_INT_CONVERSION = YES;
				CLANG_WARN_OBJC_ROOT_CLASS = YES_ERROR;
				CLANG_WARN_UNREACHABLE_CODE = YES;
				CLANG_WARN__DUPLICATE_METHOD_MATCH = YES;
				"CODE_SIGN_IDENTITY[sdk=iphoneos*]" = "iPhone Developer";
				COPY_PHASE_STRIP = NO;
				DEBUG_INFORMATION_FORMAT = dwarf;
				ENABLE_STRICT_OBJC_MSGSEND = YES;
				ENABLE_TESTABILITY = YES;
				GCC_C_LANGUAGE_STANDARD = gnu99;
				GCC_DYNAMIC_NO_PIC = NO;
				GCC_NO_COMMON_BLOCKS = YES;
				GCC_OPTIMIZATION_LEVEL = 0;
				GCC_PREPROCESSOR_DEFINITIONS = (
					"DEBUG=1",
					"$(inherited)",
				);
				GCC_WARN_64_TO_32_BIT_CONVERSION = YES;
				GCC_WARN_ABOUT_RETURN_TYPE = YES_ERROR;
				GCC_WARN_UNDECLARED_SELECTOR = YES;
				GCC_WARN_UNINITIALIZED_AUTOS = YES_AGGRESSIVE;
				GCC_WARN_UNUSED_FUNCTION = YES;
				GCC_WARN_UNUSED_VARIABLE = YES;
				IPHONEOS_DEPLOYMENT_TARGET = 9.3;
				MTL_ENABLE_DEBUG_INFO = YES;
				ONLY_ACTIVE_ARCH = YES;
				SDKROOT = iphoneos;
				SWIFT_OPTIMIZATION_LEVEL = "-Onone";
			};
			name = Debug;
		};
		6766265C1CFC97E00021E5DE /* Release */ = {
			isa = XCBuildConfiguration;
			buildSettings = {
				ALWAYS_SEARCH_USER_PATHS = NO;
				CLANG_ANALYZER_NONNULL = YES;
				CLANG_CXX_LANGUAGE_STANDARD = "gnu++0x";
				CLANG_CXX_LIBRARY = "libc++";
				CLANG_ENABLE_MODULES = YES;
				CLANG_ENABLE_OBJC_ARC = YES;
				CLANG_WARN_BOOL_CONVERSION = YES;
				CLANG_WARN_CONSTANT_CONVERSION = YES;
				CLANG_WARN_DIRECT_OBJC_ISA_USAGE = YES_ERROR;
				CLANG_WARN_EMPTY_BODY = YES;
				CLANG_WARN_ENUM_CONVERSION = YES;
				CLANG_WARN_INT_CONVERSION = YES;
				CLANG_WARN_OBJC_ROOT_CLASS = YES_ERROR;
				CLANG_WARN_UNREACHABLE_CODE = YES;
				CLANG_WARN__DUPLICATE_METHOD_MATCH = YES;
				"CODE_SIGN_IDENTITY[sdk=iphoneos*]" = "iPhone Developer";
				COPY_PHASE_STRIP = NO;
				DEBUG_INFORMATION_FORMAT = "dwarf-with-dsym";
				ENABLE_NS_ASSERTIONS = NO;
				ENABLE_STRICT_OBJC_MSGSEND = YES;
				GCC_C_LANGUAGE_STANDARD = gnu99;
				GCC_NO_COMMON_BLOCKS = YES;
				GCC_WARN_64_TO_32_BIT_CONVERSION = YES;
				GCC_WARN_ABOUT_RETURN_TYPE = YES_ERROR;
				GCC_WARN_UNDECLARED_SELECTOR = YES;
				GCC_WARN_UNINITIALIZED_AUTOS = YES_AGGRESSIVE;
				GCC_WARN_UNUSED_FUNCTION = YES;
				GCC_WARN_UNUSED_VARIABLE = YES;
				IPHONEOS_DEPLOYMENT_TARGET = 9.3;
				MTL_ENABLE_DEBUG_INFO = NO;
				SDKROOT = iphoneos;
				VALIDATE_PRODUCT = YES;
			};
			name = Release;
		};
		6766265E1CFC97E00021E5DE /* Debug */ = {
			isa = XCBuildConfiguration;
			buildSettings = {
				ASSETCATALOG_COMPILER_APPICON_NAME = AppIcon;
				INFOPLIST_FILE = Foo/Info.plist;
				LD_RUNPATH_SEARCH_PATHS = "$(inherited) @executable_path/Frameworks";
				PRODUCT_BUNDLE_IDENTIFIER = wensh.zhong.Foo;
				PRODUCT_NAME = "$(TARGET_NAME)";
			};
			name = Debug;
		};
		6766265F1CFC97E00021E5DE /* Release */ = {
			isa = XCBuildConfiguration;
			buildSettings = {
				ASSETCATALOG_COMPILER_APPICON_NAME = AppIcon;
				INFOPLIST_FILE = Foo/Info.plist;
				LD_RUNPATH_SEARCH_PATHS = "$(inherited) @executable_path/Frameworks";
				PRODUCT_BUNDLE_IDENTIFIER = wensh.zhong.Foo;
				PRODUCT_NAME = "$(TARGET_NAME)";
			};
			name = Release;
		};
/* End XCBuildConfiguration section */

/* Begin XCConfigurationList section */
		676626431CFC97E00021E5DE /* Build configuration list for PBXProject "Foo" */ = {
			isa = XCConfigurationList;
			buildConfigurations = (
				6766265B1CFC97E00021E5DE /* Debug */,
				6766265C1CFC97E00021E5DE /* Release */,
			);
			defaultConfigurationIsVisible = 0;
			defaultConfigurationName = Release;
		};
		6766265D1CFC97E00021E5DE /* Build configuration list for PBXNativeTarget "Foo" */ = {
			isa = XCConfigurationList;
			buildConfigurations = (
				6766265E1CFC97E00021E5DE /* Debug */,
				6766265F1CFC97E00021E5DE /* Release */,
			);
			defaultConfigurationIsVisible = 0;
		};
/* End XCConfigurationList section */

/* Begin XCVersionGroup section */
		676626521CFC97E00021E5DE /* Foo.xcdatamodeld */ = {
			isa = XCVersionGroup;
			children = (
				676626531CFC97E00021E5DE /* Foo.xcdatamodel */,
			);
			currentVersion = 676626531CFC97E00021E5DE /* Foo.xcdatamodel */;
			path = Foo.xcdatamodeld;
			sourceTree = "<group>";
			versionGroupType = wrapper.xcdatamodel;
		};
/* End XCVersionGroup section */
	};
	rootObject = 676626401CFC97E00021E5DE /* Project object */;
}
